
Microsoft Visual Studio Solution File, Format Version 12.00
# Visual Studio Version 17
VisualStudioVersion = 17.7.34024.191
MinimumVisualStudioVersion = 10.0.40219.1
Project("{FAE04EC0-301F-11D3-BF4B-00C04F79EFBC}") = "BooksAPI", "BooksAPI\BooksAPI.csproj", "{A1667F6E-D607-48CB-8D5A-E34D8EBD45E8}"
EndProject
Global
	GlobalSection(SolutionConfigurationPlatforms) = preSolution
		Debug|Any CPU = Debug|Any CPU
		Release|Any CPU = Release|Any CPU
	EndGlobalSection
	GlobalSection(ProjectConfigurationPlatforms) = postSolution
		{A1667F6E-D607-48CB-8D5A-E34D8EBD45E8}.Debug|Any CPU.ActiveCfg = Debug|Any CPU
		{A1667F6E-D607-48CB-8D5A-E34D8EBD45E8}.Debug|Any CPU.Build.0 = Debug|Any CPU
		{A1667F6E-D607-48CB-8D5A-E34D8EBD45E8}.Release|Any CPU.ActiveCfg = Release|Any CPU
		{A1667F6E-D607-48CB-8D5A-E34D8EBD45E8}.Release|Any CPU.Build.0 = Release|Any CPU
	EndGlobalSection
	GlobalSection(SolutionProperties) = preSolution
		HideSolutionNode = FALSE
	EndGlobalSection
	GlobalSection(ExtensibilityGlobals) = postSolution
		SolutionGuid = {B614D651-B3D0-4053-916B-DF81B5431BE1}
	EndGlobalSection
EndGlobal
